
Microsoft Visual Studio Solution File, Format Version 12.00
# Visual Studio Version 17
VisualStudioVersion = 17.12.35527.113 d17.12
MinimumVisualStudioVersion = 10.0.40219.1
Project("{FAE04EC0-301F-11D3-BF4B-00C04F79EFBC}") = "CrudBuffersInfoAPI", "CrudBuffersInfoAPI.csproj", "{AFB99B55-DF72-4991-AA39-12B937D190FF}"
EndProject
Project("{FAE04EC0-301F-11D3-BF4B-00C04F79EFBC}") = "GrpcService", "..\GrpcService\GrpcService.csproj", "{3B653135-E252-477F-B983-39D8A95271B3}"
EndProject
Global
	GlobalSection(SolutionConfigurationPlatforms) = preSolution
		Debug|Any CPU = Debug|Any CPU
		Release|Any CPU = Release|Any CPU
	EndGlobalSection
	GlobalSection(ProjectConfigurationPlatforms) = postSolution
		{AFB99B55-DF72-4991-AA39-12B937D190FF}.Debug|Any CPU.ActiveCfg = Debug|Any CPU
		{AFB99B55-DF72-4991-AA39-12B937D190FF}.Debug|Any CPU.Build.0 = Debug|Any CPU
		{AFB99B55-DF72-4991-AA39-12B937D190FF}.Release|Any CPU.ActiveCfg = Release|Any CPU
		{AFB99B55-DF72-4991-AA39-12B937D190FF}.Release|Any CPU.Build.0 = Release|Any CPU
		{3B653135-E252-477F-B983-39D8A95271B3}.Debug|Any CPU.ActiveCfg = Debug|Any CPU
		{3B653135-E252-477F-B983-39D8A95271B3}.Debug|Any CPU.Build.0 = Debug|Any CPU
		{3B653135-E252-477F-B983-39D8A95271B3}.Release|Any CPU.ActiveCfg = Release|Any CPU
		{3B653135-E252-477F-B983-39D8A95271B3}.Release|Any CPU.Build.0 = Release|Any CPU
	EndGlobalSection
	GlobalSection(SolutionProperties) = preSolution
		HideSolutionNode = FALSE
	EndGlobalSection
EndGlobal
